{
  "name": "@ntabucejo/create-demo-hello-world",
  "version": "3.0.0",
  "lockfileVersion": 2,
  "requires": true,
  "packages": {
    "": {
      "name": "@ntabucejo/create-demo-hello-world",
      "version": "3.0.0",
      "license": "ISC",
      "bin": {
        "create-demo-hello-world": "bin/cli/js"
      }
    }
  }
}
